github.com/prometheus/client_golang v1.23.2 h1:Je96obch5RDVy3FDMndoUsjAhG5Edi49h0RJWRi/o0o=
github.com/prometheus/client_golang v1.23.2/go.mod h1:Tb1a6LWHB3/SPIzCoaDXI4I8UHKeFTEQ1YCr+0Gyqmg=
k8s.io/api v0.35.4 h1:P7nFYKl5vo9AGUp1Z+Pmd3p2tA7bX2wbFWCvDeRv988=
k8s.io/api v0.35.4/go.mod h1:yl4lqySWOgYJJf9RERXKUwE9g2y+CkuwG+xmcOK8wXU=
k8s.io/apimachinery v0.35.4 h1:xtdom9RG7e+yDp71uoXoJDWEE2eOiHgeO4GdBzwWpds=
k8s.io/apimachinery v0.35.4/go.mod h1:NNi1taPOpep0jOj+oRha3mBJPqvi0hGdaV8TCqGQ+cc=
k8s.io/client-go v0.35.4 h1:DN6fyaGuzK64UvnKO5fOA6ymSjvfGAnCAHAR0C66kD8=
k8s.io/client-go v0.35.4/go.mod h1:2Pg9WpsS4NeOpoYTfHHfMxBG8zFMSAUi4O/qoiJC3nY=
